# generated by rye
# use `rye lock` or `rye sync` to update this lockfile
#
# last locked with the following flags:
#   pre: false
#   features: []
#   all-features: false
#   with-sources: false
#   generate-hashes: false
#   universal: false

-e file:.
aiohappyeyeballs==2.4.3
    # via aiohttp
aiohttp==3.10.5
    # via bilibili-api-python
aiosignal==1.3.1
    # via aiohttp
annotated-types==0.7.0
    # via pydantic
anyio==4.6.2.post1
    # via httpx
    # via starlette
apscheduler==3.10.4
    # via bilibili-api-python
attrs==24.2.0
    # via aiohttp
beautifulsoup4==4.12.3
    # via bilibili-api-python
bilibili-api-python==16.3.0
    # via bili-sync-py
brotli==1.1.0
    # via bilibili-api-python
certifi==2024.8.30
    # via httpcore
    # via httpx
colorama==0.4.6
    # via bilibili-api-python
fastapi==0.115.5
    # via bili-sync-py
frozenlist==1.5.0
    # via aiohttp
    # via aiosignal
h11==0.14.0
    # via httpcore
httpcore==1.0.6
    # via httpx
httpx==0.26.0
    # via bilibili-api-python
idna==3.10
    # via anyio
    # via httpx
    # via yarl
iniconfig==2.0.0
    # via pytest
lxml==5.3.0
    # via bilibili-api-python
multidict==6.1.0
    # via aiohttp
    # via yarl
packaging==24.2
    # via pytest
pillow==10.4.0
    # via bilibili-api-python
    # via qrcode-terminal
pluggy==1.5.0
    # via pytest
pyasn1==0.6.1
    # via rsa
pycryptodomex==3.20.0
    # via bilibili-api-python
pydantic==2.9.2
    # via fastapi
pydantic-core==2.23.4
    # via pydantic
pypng==0.20220715.0
    # via qrcode
pytest==8.3.3
    # via pytest-asyncio
pytest-asyncio==0.24.0
pytz==2024.2
    # via apscheduler
pyyaml==6.0.2
    # via bilibili-api-python
qrcode==7.4.2
    # via bilibili-api-python
    # via qrcode-terminal
qrcode-terminal==0.8
    # via bilibili-api-python
rsa==4.9
    # via bilibili-api-python
ruff==0.7.3
six==1.16.0
    # via apscheduler
sniffio==1.3.1
    # via anyio
    # via httpx
soupsieve==2.6
    # via beautifulsoup4
starlette==0.41.2
    # via fastapi
toml==0.10.2
    # via bili-sync-py
tqdm==4.66.6
    # via bilibili-api-python
typing-extensions==4.12.2
    # via fastapi
    # via pydantic
    # via pydantic-core
    # via qrcode
tzlocal==5.2
    # via apscheduler
yarl==1.11.1
    # via aiohttp
    # via bilibili-api-python
